
Microsoft Visual Studio Solution File, Format Version 12.00
# Visual Studio Version 17
VisualStudioVersion = 17.1.32414.318
MinimumVisualStudioVersion = 10.0.40219.1
Project("{9A19103F-16F7-4668-BE54-9A1E7A4F7556}") = "WhatsappChatbot", "WhatsappChatbot.csproj", "{6D756EDB-92B3-47F2-899C-F89EB403C019}"
EndProject
Global
	GlobalSection(SolutionConfigurationPlatforms) = preSolution
		Debug|Any CPU = Debug|Any CPU
		Release|Any CPU = Release|Any CPU
	EndGlobalSection
	GlobalSection(ProjectConfigurationPlatforms) = postSolution
		{6D756EDB-92B3-47F2-899C-F89EB403C019}.Debug|Any CPU.ActiveCfg = Debug|Any CPU
		{6D756EDB-92B3-47F2-899C-F89EB403C019}.Debug|Any CPU.Build.0 = Debug|Any CPU
		{6D756EDB-92B3-47F2-899C-F89EB403C019}.Release|Any CPU.ActiveCfg = Release|Any CPU
		{6D756EDB-92B3-47F2-899C-F89EB403C019}.Release|Any CPU.Build.0 = Release|Any CPU
	EndGlobalSection
	GlobalSection(SolutionProperties) = preSolution
		HideSolutionNode = FALSE
	EndGlobalSection
	GlobalSection(ExtensibilityGlobals) = postSolution
		SolutionGuid = {DE559E52-4837-42D0-9972-6CC660DD8E65}
	EndGlobalSection
EndGlobal
